
Microsoft Visual Studio Solution File, Format Version 12.00
# Visual Studio Version 17
VisualStudioVersion = 17.1.32113.165
MinimumVisualStudioVersion = 10.0.40219.1
Project("{9A19103F-16F7-4668-BE54-9A1E7A4F7556}") = "BookStore.Api", "BookStore.Api\BookStore.Api.csproj", "{4E73BA7F-D1FC-4FDF-9F1E-2D7C55924A60}"
EndProject
Project("{2150E333-8FDC-42A3-9474-1A3956D46DE8}") = "Solution Items", "Solution Items", "{DFEA2749-8D78-4D5A-B6B5-F71E765AA3BA}"
	ProjectSection(SolutionItems) = preProject
		.editorconfig = .editorconfig
	EndProjectSection
EndProject
Project("{9A19103F-16F7-4668-BE54-9A1E7A4F7556}") = "BookStore.UI.Server", "BookStore.UI.Server\BookStore.UI.Server.csproj", "{27F4F8A9-9F84-421C-A6B8-609B6B937471}"
EndProject
Project("{FAE04EC0-301F-11D3-BF4B-00C04F79EFBC}") = "BookStore.UI.Client", "BookStore.UI.Client\BookStore.UI.Client.csproj", "{EF74B2FF-5CB9-4787-BDFF-A188B07FDEB0}"
EndProject
Global
	GlobalSection(SolutionConfigurationPlatforms) = preSolution
		Debug|Any CPU = Debug|Any CPU
		Release|Any CPU = Release|Any CPU
	EndGlobalSection
	GlobalSection(ProjectConfigurationPlatforms) = postSolution
		{4E73BA7F-D1FC-4FDF-9F1E-2D7C55924A60}.Debug|Any CPU.ActiveCfg = Debug|Any CPU
		{4E73BA7F-D1FC-4FDF-9F1E-2D7C55924A60}.Debug|Any CPU.Build.0 = Debug|Any CPU
		{4E73BA7F-D1FC-4FDF-9F1E-2D7C55924A60}.Release|Any CPU.ActiveCfg = Release|Any CPU
		{4E73BA7F-D1FC-4FDF-9F1E-2D7C55924A60}.Release|Any CPU.Build.0 = Release|Any CPU
		{27F4F8A9-9F84-421C-A6B8-609B6B937471}.Debug|Any CPU.ActiveCfg = Debug|Any CPU
		{27F4F8A9-9F84-421C-A6B8-609B6B937471}.Debug|Any CPU.Build.0 = Debug|Any CPU
		{27F4F8A9-9F84-421C-A6B8-609B6B937471}.Release|Any CPU.ActiveCfg = Release|Any CPU
		{27F4F8A9-9F84-421C-A6B8-609B6B937471}.Release|Any CPU.Build.0 = Release|Any CPU
		{EF74B2FF-5CB9-4787-BDFF-A188B07FDEB0}.Debug|Any CPU.ActiveCfg = Debug|Any CPU
		{EF74B2FF-5CB9-4787-BDFF-A188B07FDEB0}.Debug|Any CPU.Build.0 = Debug|Any CPU
		{EF74B2FF-5CB9-4787-BDFF-A188B07FDEB0}.Release|Any CPU.ActiveCfg = Release|Any CPU
		{EF74B2FF-5CB9-4787-BDFF-A188B07FDEB0}.Release|Any CPU.Build.0 = Release|Any CPU
	EndGlobalSection
	GlobalSection(SolutionProperties) = preSolution
		HideSolutionNode = FALSE
	EndGlobalSection
	GlobalSection(ExtensibilityGlobals) = postSolution
		SolutionGuid = {8E351046-1A11-4C60-B405-3B7F3791AC5D}
	EndGlobalSection
EndGlobal
